
Microsoft Visual Studio Solution File, Format Version 12.00
# Visual Studio Version 17
VisualStudioVersion = 17.11.35312.102
MinimumVisualStudioVersion = 10.0.40219.1
Project("{FAE04EC0-301F-11D3-BF4B-00C04F79EFBC}") = "ProjektWPF", "ProjektWPF\ProjektWPF.csproj", "{D4BE3A25-52D4-45DB-ADF4-2F33B1697E4E}"
EndProject
Global
	GlobalSection(SolutionConfigurationPlatforms) = preSolution
		Debug|Any CPU = Debug|Any CPU
		Release|Any CPU = Release|Any CPU
	EndGlobalSection
	GlobalSection(ProjectConfigurationPlatforms) = postSolution
		{D4BE3A25-52D4-45DB-ADF4-2F33B1697E4E}.Debug|Any CPU.ActiveCfg = Debug|Any CPU
		{D4BE3A25-52D4-45DB-ADF4-2F33B1697E4E}.Debug|Any CPU.Build.0 = Debug|Any CPU
		{D4BE3A25-52D4-45DB-ADF4-2F33B1697E4E}.Release|Any CPU.ActiveCfg = Release|Any CPU
		{D4BE3A25-52D4-45DB-ADF4-2F33B1697E4E}.Release|Any CPU.Build.0 = Release|Any CPU
	EndGlobalSection
	GlobalSection(SolutionProperties) = preSolution
		HideSolutionNode = FALSE
	EndGlobalSection
	GlobalSection(ExtensibilityGlobals) = postSolution
		SolutionGuid = {30FCF268-BF91-4B44-81D5-6E23174BDEE3}
	EndGlobalSection
EndGlobal
